
Microsoft Visual Studio Solution File, Format Version 12.00
# Visual Studio Version 17
VisualStudioVersion = 17.1.32328.378
MinimumVisualStudioVersion = 10.0.40219.1
Project("{2150E333-8FDC-42A3-9474-1A3956D46DE8}") = "Solution Items", "Solution Items", "{2975F53D-D79C-4287-8FAA-83CE861F2E89}"
	ProjectSection(SolutionItems) = preProject
		.editorconfig = .editorconfig
	EndProjectSection
EndProject
Project("{9A19103F-16F7-4668-BE54-9A1E7A4F7556}") = "HDF5.Api.Benchmark", "HDF5.Api.Benchmark\HDF5.Api.Benchmark.csproj", "{9B2FEA33-FC25-415C-AF7A-68B935FB8C14}"
EndProject
Project("{9A19103F-16F7-4668-BE54-9A1E7A4F7556}") = "HDF5.Api", "HDF5.Api\HDF5.Api.csproj", "{23CA20CE-09C5-4ACB-AB20-B8E51BD221AA}"
EndProject
Project("{9A19103F-16F7-4668-BE54-9A1E7A4F7556}") = "HDF5.Api.Tests.x86", "HDF5.Api.Tests.x86\HDF5.Api.Tests.x86.csproj", "{BFFD38D8-173F-4FF9-AFB4-2F76EE26D092}"
EndProject
Project("{9A19103F-16F7-4668-BE54-9A1E7A4F7556}") = "HDF5.Api.Tests.x64", "HDF5.Api.Tests.x64\HDF5.Api.Tests.x64.csproj", "{4A7E98D6-2A0D-4A34-8B83-D43785CACD29}"
EndProject
Project("{D954291E-2A0B-460D-934E-DC6B0785DB48}") = "HDF5.Api.Tests", "HDF5.Api.Tests\HDF5.Api.Tests.shproj", "{442905FB-35D7-48C4-9BFF-2A897074CEA2}"
EndProject
Project("{9A19103F-16F7-4668-BE54-9A1E7A4F7556}") = "PInvoke.Tests", "PInvoke.Tests\PInvoke.Tests.csproj", "{6C262AD8-5177-428C-B984-72D5BEC2F697}"
EndProject
Project("{FAE04EC0-301F-11D3-BF4B-00C04F79EFBC}") = "HDF5.Api.TestHarness", "HDF5.Api.TestHarness\HDF5.Api.TestHarness.csproj", "{725120E8-414C-41E7-98CC-D9986D726E4A}"
EndProject
Global
	GlobalSection(SolutionConfigurationPlatforms) = preSolution
		Debug|Any CPU = Debug|Any CPU
		Release|Any CPU = Release|Any CPU
	EndGlobalSection
	GlobalSection(ProjectConfigurationPlatforms) = postSolution
		{9B2FEA33-FC25-415C-AF7A-68B935FB8C14}.Debug|Any CPU.ActiveCfg = Debug|Any CPU
		{9B2FEA33-FC25-415C-AF7A-68B935FB8C14}.Debug|Any CPU.Build.0 = Debug|Any CPU
		{9B2FEA33-FC25-415C-AF7A-68B935FB8C14}.Release|Any CPU.ActiveCfg = Release|Any CPU
		{9B2FEA33-FC25-415C-AF7A-68B935FB8C14}.Release|Any CPU.Build.0 = Release|Any CPU
		{23CA20CE-09C5-4ACB-AB20-B8E51BD221AA}.Debug|Any CPU.ActiveCfg = Debug|Any CPU
		{23CA20CE-09C5-4ACB-AB20-B8E51BD221AA}.Debug|Any CPU.Build.0 = Debug|Any CPU
		{23CA20CE-09C5-4ACB-AB20-B8E51BD221AA}.Release|Any CPU.ActiveCfg = Release|Any CPU
		{23CA20CE-09C5-4ACB-AB20-B8E51BD221AA}.Release|Any CPU.Build.0 = Release|Any CPU
		{BFFD38D8-173F-4FF9-AFB4-2F76EE26D092}.Debug|Any CPU.ActiveCfg = Debug|Any CPU
		{BFFD38D8-173F-4FF9-AFB4-2F76EE26D092}.Debug|Any CPU.Build.0 = Debug|Any CPU
		{BFFD38D8-173F-4FF9-AFB4-2F76EE26D092}.Release|Any CPU.ActiveCfg = Release|Any CPU
		{BFFD38D8-173F-4FF9-AFB4-2F76EE26D092}.Release|Any CPU.Build.0 = Release|Any CPU
		{4A7E98D6-2A0D-4A34-8B83-D43785CACD29}.Debug|Any CPU.ActiveCfg = Debug|Any CPU
		{4A7E98D6-2A0D-4A34-8B83-D43785CACD29}.Debug|Any CPU.Build.0 = Debug|Any CPU
		{4A7E98D6-2A0D-4A34-8B83-D43785CACD29}.Release|Any CPU.ActiveCfg = Release|Any CPU
		{4A7E98D6-2A0D-4A34-8B83-D43785CACD29}.Release|Any CPU.Build.0 = Release|Any CPU
		{6C262AD8-5177-428C-B984-72D5BEC2F697}.Debug|Any CPU.ActiveCfg = Debug|Any CPU
		{6C262AD8-5177-428C-B984-72D5BEC2F697}.Debug|Any CPU.Build.0 = Debug|Any CPU
		{6C262AD8-5177-428C-B984-72D5BEC2F697}.Release|Any CPU.ActiveCfg = Release|Any CPU
		{6C262AD8-5177-428C-B984-72D5BEC2F697}.Release|Any CPU.Build.0 = Release|Any CPU
		{725120E8-414C-41E7-98CC-D9986D726E4A}.Debug|Any CPU.ActiveCfg = Debug|Any CPU
		{725120E8-414C-41E7-98CC-D9986D726E4A}.Debug|Any CPU.Build.0 = Debug|Any CPU
		{725120E8-414C-41E7-98CC-D9986D726E4A}.Release|Any CPU.ActiveCfg = Release|Any CPU
		{725120E8-414C-41E7-98CC-D9986D726E4A}.Release|Any CPU.Build.0 = Release|Any CPU
	EndGlobalSection
	GlobalSection(SolutionProperties) = preSolution
		HideSolutionNode = FALSE
	EndGlobalSection
	GlobalSection(ExtensibilityGlobals) = postSolution
		SolutionGuid = {AD691E7D-210F-4D45-AFAC-C9532FBA9311}
	EndGlobalSection
	GlobalSection(SharedMSBuildProjectFiles) = preSolution
		HDF5.Api.Tests\HDF5.Api.Tests.Shared.projitems*{442905fb-35d7-48c4-9bff-2a897074cea2}*SharedItemsImports = 13
		HDF5.Api.Tests\HDF5.Api.Tests.Shared.projitems*{4a7e98d6-2a0d-4a34-8b83-d43785cacd29}*SharedItemsImports = 5
		HDF5.Api.Tests\HDF5.Api.Tests.Shared.projitems*{bffd38d8-173f-4ff9-afb4-2f76ee26d092}*SharedItemsImports = 5
	EndGlobalSection
EndGlobal
